
Microsoft Visual Studio Solution File, Format Version 12.00
# Visual Studio Version 16
VisualStudioVersion = 16.0.32602.291
MinimumVisualStudioVersion = 10.0.40219.1
Project("{9A19103F-16F7-4668-BE54-9A1E7A4F7556}") = "webapp_auth_1", "webapp_auth_1\webapp_auth_1.csproj", "{F0B2CD85-BF65-42BA-B7B7-7644E8F17CF6}"
EndProject
Project("{9A19103F-16F7-4668-BE54-9A1E7A4F7556}") = "Web API", "Web API\Web API.csproj", "{73866EF1-DC32-4E0B-B550-0281B949B4AB}"
EndProject
Project("{FAE04EC0-301F-11D3-BF4B-00C04F79EFBC}") = "WebApp", "WebApp\WebApp.csproj", "{9C6525B7-9D10-4448-BBEB-BF3E5C707450}"
EndProject
Global
	GlobalSection(SolutionConfigurationPlatforms) = preSolution
		Debug|Any CPU = Debug|Any CPU
		Release|Any CPU = Release|Any CPU
	EndGlobalSection
	GlobalSection(ProjectConfigurationPlatforms) = postSolution
		{F0B2CD85-BF65-42BA-B7B7-7644E8F17CF6}.Debug|Any CPU.ActiveCfg = Debug|Any CPU
		{F0B2CD85-BF65-42BA-B7B7-7644E8F17CF6}.Debug|Any CPU.Build.0 = Debug|Any CPU
		{F0B2CD85-BF65-42BA-B7B7-7644E8F17CF6}.Release|Any CPU.ActiveCfg = Release|Any CPU
		{F0B2CD85-BF65-42BA-B7B7-7644E8F17CF6}.Release|Any CPU.Build.0 = Release|Any CPU
		{73866EF1-DC32-4E0B-B550-0281B949B4AB}.Debug|Any CPU.ActiveCfg = Debug|Any CPU
		{73866EF1-DC32-4E0B-B550-0281B949B4AB}.Debug|Any CPU.Build.0 = Debug|Any CPU
		{73866EF1-DC32-4E0B-B550-0281B949B4AB}.Release|Any CPU.ActiveCfg = Release|Any CPU
		{73866EF1-DC32-4E0B-B550-0281B949B4AB}.Release|Any CPU.Build.0 = Release|Any CPU
		{9C6525B7-9D10-4448-BBEB-BF3E5C707450}.Debug|Any CPU.ActiveCfg = Debug|Any CPU
		{9C6525B7-9D10-4448-BBEB-BF3E5C707450}.Debug|Any CPU.Build.0 = Debug|Any CPU
		{9C6525B7-9D10-4448-BBEB-BF3E5C707450}.Release|Any CPU.ActiveCfg = Release|Any CPU
		{9C6525B7-9D10-4448-BBEB-BF3E5C707450}.Release|Any CPU.Build.0 = Release|Any CPU
	EndGlobalSection
	GlobalSection(SolutionProperties) = preSolution
		HideSolutionNode = FALSE
	EndGlobalSection
	GlobalSection(ExtensibilityGlobals) = postSolution
		SolutionGuid = {DA8EC00C-41CF-4414-9663-93885A0A5C71}
	EndGlobalSection
EndGlobal
